
Microsoft Visual Studio Solution File, Format Version 12.00
# Visual Studio Version 16
VisualStudioVersion = 16.0.31112.23
MinimumVisualStudioVersion = 10.0.40219.1
Project("{FAE04EC0-301F-11D3-BF4B-00C04F79EFBC}") = "CandyBug", "CandyBug\CandyBug.csproj", "{AC882F8D-9B06-466D-87AA-881883FF352E}"
EndProject
Global
	GlobalSection(SolutionConfigurationPlatforms) = preSolution
		Debug|Any CPU = Debug|Any CPU
		Release|Any CPU = Release|Any CPU
	EndGlobalSection
	GlobalSection(ProjectConfigurationPlatforms) = postSolution
		{AC882F8D-9B06-466D-87AA-881883FF352E}.Debug|Any CPU.ActiveCfg = Debug|Any CPU
		{AC882F8D-9B06-466D-87AA-881883FF352E}.Debug|Any CPU.Build.0 = Debug|Any CPU
		{AC882F8D-9B06-466D-87AA-881883FF352E}.Release|Any CPU.ActiveCfg = Release|Any CPU
		{AC882F8D-9B06-466D-87AA-881883FF352E}.Release|Any CPU.Build.0 = Release|Any CPU
	EndGlobalSection
	GlobalSection(SolutionProperties) = preSolution
		HideSolutionNode = FALSE
	EndGlobalSection
	GlobalSection(ExtensibilityGlobals) = postSolution
		SolutionGuid = {83B2FCBC-4AC3-4622-89F3-C141C5E36B13}
	EndGlobalSection
EndGlobal
